// !$*UTF8*$!
{
	archiveVersion = 1;
	classes = {
	};
	objectVersion = 46;
	objects = {

/* Begin PBXBuildFile section */
		D893D4641EB7BAF50047D807 /* AppDelegate.swift in Sources */ = {isa = PBXBuildFile; fileRef = D893D4631EB7BAF50047D807 /* AppDelegate.swift */; };
		D893D4661EB7BAF50047D807 /* ViewController.swift in Sources */ = {isa = PBXBuildFile; fileRef = D893D4651EB7BAF50047D807 /* ViewController.swift */; };
		D893D4691EB7BAF50047D807 /* Main.storyboard in Resources */ = {isa = PBXBuildFile; fileRef = D893D4671EB7BAF50047D807 /* Main.storyboard */; };
		D893D46B1EB7BAF50047D807 /* Assets.xcassets in Resources */ = {isa = PBXBuildFile; fileRef = D893D46A1EB7BAF50047D807 /* Assets.xcassets */; };
		D893D46E1EB7BAF50047D807 /* LaunchScreen.storyboard in Resources */ = {isa = PBXBuildFile; fileRef = D893D46C1EB7BAF50047D807 /* LaunchScreen.storyboard */; };
		D893D4791EB7BAF50047D807 /* IObloodySTests.swift in Sources */ = {isa = PBXBuildFile; fileRef = D893D4781EB7BAF50047D807 /* IObloodySTests.swift */; };
		D893D4841EB7BAF50047D807 /* IObloodySUITests.swift in Sources */ = {isa = PBXBuildFile; fileRef = D893D4831EB7BAF50047D807 /* IObloodySUITests.swift */; };
/* End PBXBuildFile section */

/* Begin PBXContainerItemProxy section */
		D893D4751EB7BAF50047D807 /* PBXContainerItemProxy */ = {
			isa = PBXContainerItemProxy;
			containerPortal = D893D4581EB7BAF40047D807 /* Project object */;
			proxyType = 1;
			remoteGlobalIDString = D893D45F1EB7BAF40047D807;
			remoteInfo = IObloodyS;
		};
		D893D4801EB7BAF50047D807 /* PBXContainerItemProxy */ = {
			isa = PBXContainerItemProxy;
			containerPortal = D893D4581EB7BAF40047D807 /* Project object */;
			proxyType = 1;
			remoteGlobalIDString = D893D45F1EB7BAF40047D807;
			remoteInfo = IObloodyS;
		};
/* End PBXContainerItemProxy section */

/* Begin PBXFileReference section */
		D893D4601EB7BAF50047D807 /* IObloodyS.app */ = {isa = PBXFileReference; explicitFileType = wrapper.application; includeInIndex = 0; path = IObloodyS.app; sourceTree = BUILT_PRODUCTS_DIR; };
		D893D4631EB7BAF50047D807 /* AppDelegate.swift */ = {isa = PBXFileReference; lastKnownFileType = sourcecode.swift; path = AppDelegate.swift; sourceTree = "<group>"; };
		D893D4651EB7BAF50047D807 /* ViewController.swift */ = {isa = PBXFileReference; lastKnownFileType = sourcecode.swift; path = ViewController.swift; sourceTree = "<group>"; };
		D893D4681EB7BAF50047D807 /* Base */ = {isa = PBXFileReference; lastKnownFileType = file.storyboard; name = Base; path = Base.lproj/Main.storyboard; sourceTree = "<group>"; };
		D893D46A1EB7BAF50047D807 /* Assets.xcassets */ = {isa = PBXFileReference; lastKnownFileType = folder.assetcatalog; path = Assets.xcassets; sourceTree = "<group>"; };
		D893D46D1EB7BAF50047D807 /* Base */ = {isa = PBXFileReference; lastKnownFileType = file.storyboard; name = Base; path = Base.lproj/LaunchScreen.storyboard; sourceTree = "<group>"; };
		D893D46F1EB7BAF50047D807 /* Info.plist */ = {isa = PBXFileReference; lastKnownFileType = text.plist.xml; path = Info.plist; sourceTree = "<group>"; };
		D893D4741EB7BAF50047D807 /* IObloodySTests.xctest */ = {isa = PBXFileReference; explicitFileType = wrapper.cfbundle; includeInIndex = 0; path = IObloodySTests.xctest; sourceTree = BUILT_PRODUCTS_DIR; };
		D893D4781EB7BAF50047D807 /* IObloodySTests.swift */ = {isa = PBXFileReference; lastKnownFileType = sourcecode.swift; path = IObloodySTests.swift; sourceTree = "<group>"; };
		D893D47A1EB7BAF50047D807 /* Info.plist */ = {isa = PBXFileReference; lastKnownFileType = text.plist.xml; path = Info.plist; sourceTree = "<group>"; };
		D893D47F1EB7BAF50047D807 /* IObloodySUITests.xctest */ = {isa = PBXFileReference; explicitFileType = wrapper.cfbundle; includeInIndex = 0; path = IObloodySUITests.xctest; sourceTree = BUILT_PRODUCTS_DIR; };
		D893D4831EB7BAF50047D807 /* IObloodySUITests.swift */ = {isa = PBXFileReference; lastKnownFileType = sourcecode.swift; path = IObloodySUITests.swift; sourceTree = "<group>"; };
		D893D4851EB7BAF50047D807 /* Info.plist */ = {isa = PBXFileReference; lastKnownFileType = text.plist.xml; path = Info.plist; sourceTree = "<group>"; };
/* End PBXFileReference section */

/* Begin PBXFrameworksBuildPhase section */
		D893D45D1EB7BAF40047D807 /* Frameworks */ = {
			isa = PBXFrameworksBuildPhase;
			buildActionMask = 2147483647;
			files = (
			);
			runOnlyForDeploymentPostprocessing = 0;
		};
		D893D4711EB7BAF50047D807 /* Frameworks */ = {
			isa = PBXFrameworksBuildPhase;
			buildActionMask = 2147483647;
			files = (
			);
			runOnlyForDeploymentPostprocessing = 0;
		};
		D893D47C1EB7BAF50047D807 /* Frameworks */ = {
			isa = PBXFrameworksBuildPhase;
			buildActionMask = 2147483647;
			files = (
			);
			runOnlyForDeploymentPostprocessing = 0;
		};
/* End PBXFrameworksBuildPhase section */

/* Begin PBXGroup section */
		D893D4571EB7BAF40047D807 = {
			isa = PBXGroup;
			children = (
				D893D4621EB7BAF50047D807 /* IObloodyS */,
				D893D4771EB7BAF50047D807 /* IObloodySTests */,
				D893D4821EB7BAF50047D807 /* IObloodySUITests */,
				D893D4611EB7BAF50047D807 /* Products */,
			);
			sourceTree = "<group>";
		};
		D893D4611EB7BAF50047D807 /* Products */ = {
			isa = PBXGroup;
			children = (
				D893D4601EB7BAF50047D807 /* IObloodyS.app */,
				D893D4741EB7BAF50047D807 /* IObloodySTests.xctest */,
				D893D47F1EB7BAF50047D807 /* IObloodySUITests.xctest */,
			);
			name = Products;
			sourceTree = "<group>";
		};
		D893D4621EB7BAF50047D807 /* IObloodyS */ = {
			isa = PBXGroup;
			children = (
				D893D4631EB7BAF50047D807 /* AppDelegate.swift */,
				D893D4651EB7BAF50047D807 /* ViewController.swift */,
				D893D4671EB7BAF50047D807 /* Main.storyboard */,
				D893D46A1EB7BAF50047D807 /* Assets.xcassets */,
				D893D46C1EB7BAF50047D807 /* LaunchScreen.storyboard */,
				D893D46F1EB7BAF50047D807 /* Info.plist */,
			);
			path = IObloodyS;
			sourceTree = "<group>";
		};
		D893D4771EB7BAF50047D807 /* IObloodySTests */ = {
			isa = PBXGroup;
			children = (
				D893D4781EB7BAF50047D807 /* IObloodySTests.swift */,
				D893D47A1EB7BAF50047D807 /* Info.plist */,
			);
			path = IObloodySTests;
			sourceTree = "<group>";
		};
		D893D4821EB7BAF50047D807 /* IObloodySUITests */ = {
			isa = PBXGroup;
			children = (
				D893D4831EB7BAF50047D807 /* IObloodySUITests.swift */,
				D893D4851EB7BAF50047D807 /* Info.plist */,
			);
			path = IObloodySUITests;
			sourceTree = "<group>";
		};
/* End PBXGroup section */

/* Begin PBXNativeTarget section */
		D893D45F1EB7BAF40047D807 /* IObloodyS */ = {
			isa = PBXNativeTarget;
			buildConfigurationList = D893D4881EB7BAF50047D807 /* Build configuration list for PBXNativeTarget "IObloodyS" */;
			buildPhases = (
				D893D45C1EB7BAF40047D807 /* Sources */,
				D893D45D1EB7BAF40047D807 /* Frameworks */,
				D893D45E1EB7BAF40047D807 /* Resources */,
			);
			buildRules = (
			);
			dependencies = (
			);
			name = IObloodyS;
			productName = IObloodyS;
			productReference = D893D4601EB7BAF50047D807 /* IObloodyS.app */;
			productType = "com.apple.product-type.application";
		};
		D893D4731EB7BAF50047D807 /* IObloodySTests */ = {
			isa = PBXNativeTarget;
			buildConfigurationList = D893D48B1EB7BAF50047D807 /* Build configuration list for PBXNativeTarget "IObloodySTests" */;
			buildPhases = (
				D893D4701EB7BAF50047D807 /* Sources */,
				D893D4711EB7BAF50047D807 /* Frameworks */,
				D893D4721EB7BAF50047D807 /* Resources */,
			);
			buildRules = (
			);
			dependencies = (
				D893D4761EB7BAF50047D807 /* PBXTargetDependency */,
			);
			name = IObloodySTests;
			productName = IObloodySTests;
			productReference = D893D4741EB7BAF50047D807 /* IObloodySTests.xctest */;
			productType = "com.apple.product-type.bundle.unit-test";
		};
		D893D47E1EB7BAF50047D807 /* IObloodySUITests */ = {
			isa = PBXNativeTarget;
			buildConfigurationList = D893D48E1EB7BAF50047D807 /* Build configuration list for PBXNativeTarget "IObloodySUITests" */;
			buildPhases = (
				D893D47B1EB7BAF50047D807 /* Sources */,
				D893D47C1EB7BAF50047D807 /* Frameworks */,
				D893D47D1EB7BAF50047D807 /* Resources */,
			);
			buildRules = (
			);
			dependencies = (
				D893D4811EB7BAF50047D807 /* PBXTargetDependency */,
			);
			name = IObloodySUITests;
			productName = IObloodySUITests;
			productReference = D893D47F1EB7BAF50047D807 /* IObloodySUITests.xctest */;
			productType = "com.apple.product-type.bundle.ui-testing";
		};
/* End PBXNativeTarget section */

/* Begin PBXProject section */
		D893D4581EB7BAF40047D807 /* Project object */ = {
			isa = PBXProject;
			attributes = {
				LastSwiftUpdateCheck = 0820;
				LastUpgradeCheck = 0820;
				ORGANIZATIONNAME = "Luka Goffaerts";
				TargetAttributes = {
					D893D45F1EB7BAF40047D807 = {
						CreatedOnToolsVersion = 8.2.1;
						DevelopmentTeam = 3G287YP4GC;
						ProvisioningStyle = Automatic;
					};
					D893D4731EB7BAF50047D807 = {
						CreatedOnToolsVersion = 8.2.1;
						DevelopmentTeam = 3G287YP4GC;
						ProvisioningStyle = Automatic;
						TestTargetID = D893D45F1EB7BAF40047D807;
					};
					D893D47E1EB7BAF50047D807 = {
						CreatedOnToolsVersion = 8.2.1;
						DevelopmentTeam = 3G287YP4GC;
						ProvisioningStyle = Automatic;
						TestTargetID = D893D45F1EB7BAF40047D807;
					};
				};
			};
			buildConfigurationList = D893D45B1EB7BAF40047D807 /* Build configuration list for PBXProject "IObloodyS" */;
			compatibilityVersion = "Xcode 3.2";
			developmentRegion = English;
			hasScannedForEncodings = 0;
			knownRegions = (
				en,
				Base,
			);
			mainGroup = D893D4571EB7BAF40047D807;
			productRefGroup = D893D4611EB7BAF50047D807 /* Products */;
			projectDirPath = "";
			projectRoot = "";
			targets = (
				D893D45F1EB7BAF40047D807 /* IObloodyS */,
				D893D4731EB7BAF50047D807 /* IObloodySTests */,
				D893D47E1EB7BAF50047D807 /* IObloodySUITests */,
			);
		};
/* End PBXProject section */

/* Begin PBXResourcesBuildPhase section */
		D893D45E1EB7BAF40047D807 /* Resources */ = {
			isa = PBXResourcesBuildPhase;
			buildActionMask = 2147483647;
			files = (
				D893D46E1EB7BAF50047D807 /* LaunchScreen.storyboard in Resources */,
				D893D46B1EB7BAF50047D807 /* Assets.xcassets in Resources */,
				D893D4691EB7BAF50047D807 /* Main.storyboard in Resources */,
			);
			runOnlyForDeploymentPostprocessing = 0;
		};
		D893D4721EB7BAF50047D807 /* Resources */ = {
			isa = PBXResourcesBuildPhase;
			buildActionMask = 2147483647;
			files = (
			);
			runOnlyForDeploymentPostprocessing = 0;
		};
		D893D47D1EB7BAF50047D807 /* Resources */ = {
			isa = PBXResourcesBuildPhase;
			buildActionMask = 2147483647;
			files = (
			);
			runOnlyForDeploymentPostprocessing = 0;
		};
/* End PBXResourcesBuildPhase section */

/* Begin PBXSourcesBuildPhase section */
		D893D45C1EB7BAF40047D807 /* Sources */ = {
			isa = PBXSourcesBuildPhase;
			buildActionMask = 2147483647;
			files = (
				D893D4661EB7BAF50047D807 /* ViewController.swift in Sources */,
				D893D4641EB7BAF50047D807 /* AppDelegate.swift in Sources */,
			);
			runOnlyForDeploymentPostprocessing = 0;
		};
		D893D4701EB7BAF50047D807 /* Sources */ = {
			isa = PBXSourcesBuildPhase;
			buildActionMask = 2147483647;
			files = (
				D893D4791EB7BAF50047D807 /* IObloodySTests.swift in Sources */,
			);
			runOnlyForDeploymentPostprocessing = 0;
		};
		D893D47B1EB7BAF50047D807 /* Sources */ = {
			isa = PBXSourcesBuildPhase;
			buildActionMask = 2147483647;
			files = (
				D893D4841EB7BAF50047D807 /* IObloodySUITests.swift in Sources */,
			);
			runOnlyForDeploymentPostprocessing = 0;
		};
/* End PBXSourcesBuildPhase section */

/* Begin PBXTargetDependency section */
		D893D4761EB7BAF50047D807 /* PBXTargetDependency */ = {
			isa = PBXTargetDependency;
			target = D893D45F1EB7BAF40047D807 /* IObloodyS */;
			targetProxy = D893D4751EB7BAF50047D807 /* PBXContainerItemProxy */;
		};
		D893D4811EB7BAF50047D807 /* PBXTargetDependency */ = {
			isa = PBXTargetDependency;
			target = D893D45F1EB7BAF40047D807 /* IObloodyS */;
			targetProxy = D893D4801EB7BAF50047D807 /* PBXContainerItemProxy */;
		};
/* End PBXTargetDependency section */

/* Begin PBXVariantGroup section */
		D893D4671EB7BAF50047D807 /* Main.storyboard */ = {
			isa = PBXVariantGroup;
			children = (
				D893D4681EB7BAF50047D807 /* Base */,
			);
			name = Main.storyboard;
			sourceTree = "<group>";
		};
		D893D46C1EB7BAF50047D807 /* LaunchScreen.storyboard */ = {
			isa = PBXVariantGroup;
			children = (
				D893D46D1EB7BAF50047D807 /* Base */,
			);
			name = LaunchScreen.storyboard;
			sourceTree = "<group>";
		};
/* End PBXVariantGroup section */

/* Begin XCBuildConfiguration section */
		D893D4861EB7BAF50047D807 /* Debug */ = {
			isa = XCBuildConfiguration;
			buildSettings = {
				ALWAYS_SEARCH_USER_PATHS = NO;
				CLANG_ANALYZER_NONNULL = YES;
				CLANG_CXX_LANGUAGE_STANDARD = "gnu++0x";
				CLANG_CXX_LIBRARY = "libc++";
				CLANG_ENABLE_MODULES = YES;
				CLANG_ENABLE_OBJC_ARC = YES;
				CLANG_WARN_BOOL_CONVERSION = YES;
				CLANG_WARN_CONSTANT_CONVERSION = YES;
				CLANG_WARN_DIRECT_OBJC_ISA_USAGE = YES_ERROR;
				CLANG_WARN_DOCUMENTATION_COMMENTS = YES;
				CLANG_WARN_EMPTY_BODY = YES;
				CLANG_WARN_ENUM_CONVERSION = YES;
				CLANG_WARN_INFINITE_RECURSION = YES;
				CLANG_WARN_INT_CONVERSION = YES;
				CLANG_WARN_OBJC_ROOT_CLASS = YES_ERROR;
				CLANG_WARN_SUSPICIOUS_MOVE = YES;
				CLANG_WARN_UNREACHABLE_CODE = YES;
				CLANG_WARN__DUPLICATE_METHOD_MATCH = YES;
				"CODE_SIGN_IDENTITY[sdk=iphoneos*]" = "iPhone Developer";
				COPY_PHASE_STRIP = NO;
				DEBUG_INFORMATION_FORMAT = dwarf;
				ENABLE_STRICT_OBJC_MSGSEND = YES;
				ENABLE_TESTABILITY = YES;
				GCC_C_LANGUAGE_STANDARD = gnu99;
				GCC_DYNAMIC_NO_PIC = NO;
				GCC_NO_COMMON_BLOCKS = YES;
				GCC_OPTIMIZATION_LEVEL = 0;
				GCC_PREPROCESSOR_DEFINITIONS = (
					"DEBUG=1",
					"$(inherited)",
				);
				GCC_WARN_64_TO_32_BIT_CONVERSION = YES;
				GCC_WARN_ABOUT_RETURN_TYPE = YES_ERROR;
				GCC_WARN_UNDECLARED_SELECTOR = YES;
				GCC_WARN_UNINITIALIZED_AUTOS = YES_AGGRESSIVE;
				GCC_WARN_UNUSED_FUNCTION = YES;
				GCC_WARN_UNUSED_VARIABLE = YES;
				IPHONEOS_DEPLOYMENT_TARGET = 10.2;
				MTL_ENABLE_DEBUG_INFO = YES;
				ONLY_ACTIVE_ARCH = YES;
				SDKROOT = iphoneos;
				SWIFT_ACTIVE_COMPILATION_CONDITIONS = DEBUG;
				SWIFT_OPTIMIZATION_LEVEL = "-Onone";
				TARGETED_DEVICE_FAMILY = "1,2";
			};
			name = Debug;
		};
		D893D4871EB7BAF50047D807 /* Release */ = {
			isa = XCBuildConfiguration;
			buildSettings = {
				ALWAYS_SEARCH_USER_PATHS = NO;
				CLANG_ANALYZER_NONNULL = YES;
				CLANG_CXX_LANGUAGE_STANDARD = "gnu++0x";
				CLANG_CXX_LIBRARY = "libc++";
				CLANG_ENABLE_MODULES = YES;
				CLANG_ENABLE_OBJC_ARC = YES;
				CLANG_WARN_BOOL_CONVERSION = YES;
				CLANG_WARN_CONSTANT_CONVERSION = YES;
				CLANG_WARN_DIRECT_OBJC_ISA_USAGE = YES_ERROR;
				CLANG_WARN_DOCUMENTATION_COMMENTS = YES;
				CLANG_WARN_EMPTY_BODY = YES;
				CLANG_WARN_ENUM_CONVERSION = YES;
				CLANG_WARN_INFINITE_RECURSION = YES;
				CLANG_WARN_INT_CONVERSION = YES;
				CLANG_WARN_OBJC_ROOT_CLASS = YES_ERROR;
				CLANG_WARN_SUSPICIOUS_MOVE = YES;
				CLANG_WARN_UNREACHABLE_CODE = YES;
				CLANG_WARN__DUPLICATE_METHOD_MATCH = YES;
				"CODE_SIGN_IDENTITY[sdk=iphoneos*]" = "iPhone Developer";
				COPY_PHASE_STRIP = NO;
				DEBUG_INFORMATION_FORMAT = "dwarf-with-dsym";
				ENABLE_NS_ASSERTIONS = NO;
				ENABLE_STRICT_OBJC_MSGSEND = YES;
				GCC_C_LANGUAGE_STANDARD = gnu99;
				GCC_NO_COMMON_BLOCKS = YES;
				GCC_WARN_64_TO_32_BIT_CONVERSION = YES;
				GCC_WARN_ABOUT_RETURN_TYPE = YES_ERROR;
				GCC_WARN_UNDECLARED_SELECTOR = YES;
				GCC_WARN_UNINITIALIZED_AUTOS = YES_AGGRESSIVE;
				GCC_WARN_UNUSED_FUNCTION = YES;
				GCC_WARN_UNUSED_VARIABLE = YES;
				IPHONEOS_DEPLOYMENT_TARGET = 10.2;
				MTL_ENABLE_DEBUG_INFO = NO;
				SDKROOT = iphoneos;
				SWIFT_OPTIMIZATION_LEVEL = "-Owholemodule";
				TARGETED_DEVICE_FAMILY = "1,2";
				VALIDATE_PRODUCT = YES;
			};
			name = Release;
		};
		D893D4891EB7BAF50047D807 /* Debug */ = {
			isa = XCBuildConfiguration;
			buildSettings = {
				ASSETCATALOG_COMPILER_APPICON_NAME = AppIcon;
				DEVELOPMENT_TEAM = 3G287YP4GC;
				INFOPLIST_FILE = IObloodyS/Info.plist;
				LD_RUNPATH_SEARCH_PATHS = "$(inherited) @executable_path/Frameworks";
				PRODUCT_BUNDLE_IDENTIFIER = LG.IObloodyS;
				PRODUCT_NAME = "$(TARGET_NAME)";
				SWIFT_VERSION = 3.0;
			};
			name = Debug;
		};
		D893D48A1EB7BAF50047D807 /* Release */ = {
			isa = XCBuildConfiguration;
			buildSettings = {
				ASSETCATALOG_COMPILER_APPICON_NAME = AppIcon;
				DEVELOPMENT_TEAM = 3G287YP4GC;
				INFOPLIST_FILE = IObloodyS/Info.plist;
				LD_RUNPATH_SEARCH_PATHS = "$(inherited) @executable_path/Frameworks";
				PRODUCT_BUNDLE_IDENTIFIER = LG.IObloodyS;
				PRODUCT_NAME = "$(TARGET_NAME)";
				SWIFT_VERSION = 3.0;
			};
			name = Release;
		};
		D893D48C1EB7BAF50047D807 /* Debug */ = {
			isa = XCBuildConfiguration;
			buildSettings = {
				ALWAYS_EMBED_SWIFT_STANDARD_LIBRARIES = YES;
				BUNDLE_LOADER = "$(TEST_HOST)";
				DEVELOPMENT_TEAM = 3G287YP4GC;
				INFOPLIST_FILE = IObloodySTests/Info.plist;
				LD_RUNPATH_SEARCH_PATHS = "$(inherited) @executable_path/Frameworks @loader_path/Frameworks";
				PRODUCT_BUNDLE_IDENTIFIER = LG.IObloodySTests;
				PRODUCT_NAME = "$(TARGET_NAME)";
				SWIFT_VERSION = 3.0;
				TEST_HOST = "$(BUILT_PRODUCTS_DIR)/IObloodyS.app/IObloodyS";
			};
			name = Debug;
		};
		D893D48D1EB7BAF50047D807 /* Release */ = {
			isa = XCBuildConfiguration;
			buildSettings = {
				ALWAYS_EMBED_SWIFT_STANDARD_LIBRARIES = YES;
				BUNDLE_LOADER = "$(TEST_HOST)";
				DEVELOPMENT_TEAM = 3G287YP4GC;
				INFOPLIST_FILE = IObloodySTests/Info.plist;
				LD_RUNPATH_SEARCH_PATHS = "$(inherited) @executable_path/Frameworks @loader_path/Frameworks";
				PRODUCT_BUNDLE_IDENTIFIER = LG.IObloodySTests;
				PRODUCT_NAME = "$(TARGET_NAME)";
				SWIFT_VERSION = 3.0;
				TEST_HOST = "$(BUILT_PRODUCTS_DIR)/IObloodyS.app/IObloodyS";
			};
			name = Release;
		};
		D893D48F1EB7BAF50047D807 /* Debug */ = {
			isa = XCBuildConfiguration;
			buildSettings = {
				ALWAYS_EMBED_SWIFT_STANDARD_LIBRARIES = YES;
				DEVELOPMENT_TEAM = 3G287YP4GC;
				INFOPLIST_FILE = IObloodySUITests/Info.plist;
				LD_RUNPATH_SEARCH_PATHS = "$(inherited) @executable_path/Frameworks @loader_path/Frameworks";
				PRODUCT_BUNDLE_IDENTIFIER = LG.IObloodySUITests;
				PRODUCT_NAME = "$(TARGET_NAME)";
				SWIFT_VERSION = 3.0;
				TEST_TARGET_NAME = IObloodyS;
			};
			name = Debug;
		};
		D893D4901EB7BAF50047D807 /* Release */ = {
			isa = XCBuildConfiguration;
			buildSettings = {
				ALWAYS_EMBED_SWIFT_STANDARD_LIBRARIES = YES;
				DEVELOPMENT_TEAM = 3G287YP4GC;
				INFOPLIST_FILE = IObloodySUITests/Info.plist;
				LD_RUNPATH_SEARCH_PATHS = "$(inherited) @executable_path/Frameworks @loader_path/Frameworks";
				PRODUCT_BUNDLE_IDENTIFIER = LG.IObloodySUITests;
				PRODUCT_NAME = "$(TARGET_NAME)";
				SWIFT_VERSION = 3.0;
				TEST_TARGET_NAME = IObloodyS;
			};
			name = Release;
		};
/* End XCBuildConfiguration section */

/* Begin XCConfigurationList section */
		D893D45B1EB7BAF40047D807 /* Build configuration list for PBXProject "IObloodyS" */ = {
			isa = XCConfigurationList;
			buildConfigurations = (
				D893D4861EB7BAF50047D807 /* Debug */,
				D893D4871EB7BAF50047D807 /* Release */,
			);
			defaultConfigurationIsVisible = 0;
			defaultConfigurationName = Release;
		};
		D893D4881EB7BAF50047D807 /* Build configuration list for PBXNativeTarget "IObloodyS" */ = {
			isa = XCConfigurationList;
			buildConfigurations = (
				D893D4891EB7BAF50047D807 /* Debug */,
				D893D48A1EB7BAF50047D807 /* Release */,
			);
			defaultConfigurationIsVisible = 0;
		};
		D893D48B1EB7BAF50047D807 /* Build configuration list for PBXNativeTarget "IObloodySTests" */ = {
			isa = XCConfigurationList;
			buildConfigurations = (
				D893D48C1EB7BAF50047D807 /* Debug */,
				D893D48D1EB7BAF50047D807 /* Release */,
			);
			defaultConfigurationIsVisible = 0;
		};
		D893D48E1EB7BAF50047D807 /* Build configuration list for PBXNativeTarget "IObloodySUITests" */ = {
			isa = XCConfigurationList;
			buildConfigurations = (
				D893D48F1EB7BAF50047D807 /* Debug */,
				D893D4901EB7BAF50047D807 /* Release */,
			);
			defaultConfigurationIsVisible = 0;
		};
/* End XCConfigurationList section */
	};
	rootObject = D893D4581EB7BAF40047D807 /* Project object */;
}
